
Microsoft Visual Studio Solution File, Format Version 12.00
# Visual Studio Version 17
VisualStudioVersion = 17.3.32804.467
MinimumVisualStudioVersion = 10.0.40219.1
Project("{FAE04EC0-301F-11D3-BF4B-00C04F79EFBC}") = "GimmeAccess", "GimmeAccess.csproj", "{B3A42F5B-D64F-4F88-A179-5988AB500907}"
EndProject
Global
	GlobalSection(SolutionConfigurationPlatforms) = preSolution
		Debug|Any CPU = Debug|Any CPU
		Release|Any CPU = Release|Any CPU
	EndGlobalSection
	GlobalSection(ProjectConfigurationPlatforms) = postSolution
		{B3A42F5B-D64F-4F88-A179-5988AB500907}.Debug|Any CPU.ActiveCfg = Debug|Any CPU
		{B3A42F5B-D64F-4F88-A179-5988AB500907}.Debug|Any CPU.Build.0 = Debug|Any CPU
		{B3A42F5B-D64F-4F88-A179-5988AB500907}.Release|Any CPU.ActiveCfg = Release|Any CPU
		{B3A42F5B-D64F-4F88-A179-5988AB500907}.Release|Any CPU.Build.0 = Release|Any CPU
	EndGlobalSection
	GlobalSection(SolutionProperties) = preSolution
		HideSolutionNode = FALSE
	EndGlobalSection
	GlobalSection(ExtensibilityGlobals) = postSolution
		SolutionGuid = {8F6B0EB4-0D9C-4F6D-8B04-11F96CD8FDCF}
	EndGlobalSection
EndGlobal
